// !$*UTF8*$!
{
	archiveVersion = 1;
	classes = {
	};
	objectVersion = 56;
	objects = {

/* Begin PBXBuildFile section */
		8D096F692A6DAAA5006A2071 /* CreateValidator.swift in Sources */ = {isa = PBXBuildFile; fileRef = 8D096F682A6DAAA5006A2071 /* CreateValidator.swift */; };
		8D096F6C2A6DB124006A2071 /* HapticsManager.swift in Sources */ = {isa = PBXBuildFile; fileRef = 8D096F6B2A6DB124006A2071 /* HapticsManager.swift */; };
		8D096F6E2A6DB2BC006A2071 /* SettingsView.swift in Sources */ = {isa = PBXBuildFile; fileRef = 8D096F6D2A6DB2BC006A2071 /* SettingsView.swift */; };
		8D096F712A6DB42B006A2071 /* UserDefaultKeys.swift in Sources */ = {isa = PBXBuildFile; fileRef = 8D096F702A6DB42B006A2071 /* UserDefaultKeys.swift */; };
		8D096F732A6DB793006A2071 /* Endpoint.swift in Sources */ = {isa = PBXBuildFile; fileRef = 8D096F722A6DB793006A2071 /* Endpoint.swift */; };
		8D2A52852A7D5EE300386B04 /* NetworkingManagerUserDetailsResponseSuccessMock.swift in Sources */ = {isa = PBXBuildFile; fileRef = 8D2A52842A7D5EE300386B04 /* NetworkingManagerUserDetailsResponseSuccessMock.swift */; };
		8D2A52872A7D60C200386B04 /* NetworkingManagerUserDetailsResponseFailureMock.swift in Sources */ = {isa = PBXBuildFile; fileRef = 8D2A52862A7D60C200386B04 /* NetworkingManagerUserDetailsResponseFailureMock.swift */; };
		8D2A528A2A7D612E00386B04 /* DetailsViewModelSuccessTests.swift in Sources */ = {isa = PBXBuildFile; fileRef = 8D2A52892A7D612E00386B04 /* DetailsViewModelSuccessTests.swift */; };
		8D2A528C2A7D667200386B04 /* DetailsViewModelFailureTests.swift in Sources */ = {isa = PBXBuildFile; fileRef = 8D2A528B2A7D667200386B04 /* DetailsViewModelFailureTests.swift */; };
		8D2C7F1D2A6978600042F512 /* UsersStaticData.json in Resources */ = {isa = PBXBuildFile; fileRef = 8D2C7F1C2A6978600042F512 /* UsersStaticData.json */; };
		8D2C7F1F2A6978CE0042F512 /* SingleUserData.json in Resources */ = {isa = PBXBuildFile; fileRef = 8D2C7F1E2A6978CE0042F512 /* SingleUserData.json */; };
		8D2C7F212A697A030042F512 /* UserDetailResponse.swift in Sources */ = {isa = PBXBuildFile; fileRef = 8D2C7F202A697A030042F512 /* UserDetailResponse.swift */; };
		8D2C7F232A697A930042F512 /* UsersResponse.swift in Sources */ = {isa = PBXBuildFile; fileRef = 8D2C7F222A697A930042F512 /* UsersResponse.swift */; };
		8D2C7F262A697B270042F512 /* Models.swift in Sources */ = {isa = PBXBuildFile; fileRef = 8D2C7F252A697B270042F512 /* Models.swift */; };
		8D2C7F292A697B8A0042F512 /* StaticJSONMapper.swift in Sources */ = {isa = PBXBuildFile; fileRef = 8D2C7F282A697B8A0042F512 /* StaticJSONMapper.swift */; };
		8D2FA8ED2A796A5600D2FD42 /* NetworkingEndpointTests.swift in Sources */ = {isa = PBXBuildFile; fileRef = 8D2FA8EC2A796A5600D2FD42 /* NetworkingEndpointTests.swift */; };
		8D2FA8F02A79725800D2FD42 /* MockURLSessionProtocol.swift in Sources */ = {isa = PBXBuildFile; fileRef = 8D2FA8EF2A79725800D2FD42 /* MockURLSessionProtocol.swift */; };
		8D2FA8F32A79745800D2FD42 /* NetworkingManagerTests.swift in Sources */ = {isa = PBXBuildFile; fileRef = 8D2FA8F22A79745800D2FD42 /* NetworkingManagerTests.swift */; };
		8D321F2C2A7AF259000AF9EF /* PeopleViewModelSuccessTests.swift in Sources */ = {isa = PBXBuildFile; fileRef = 8D321F2B2A7AF259000AF9EF /* PeopleViewModelSuccessTests.swift */; };
		8D321F2E2A7AF3B3000AF9EF /* NetworkingManagerUserResponseSuccessMock.swift in Sources */ = {isa = PBXBuildFile; fileRef = 8D321F2D2A7AF3B3000AF9EF /* NetworkingManagerUserResponseSuccessMock.swift */; };
		8D321F302A7AF97C000AF9EF /* PeopleViewModelFailureTests.swift in Sources */ = {isa = PBXBuildFile; fileRef = 8D321F2F2A7AF97C000AF9EF /* PeopleViewModelFailureTests.swift */; };
		8D321F322A7AF9BA000AF9EF /* NetworkingManagerUserResponseFailureMock.swift in Sources */ = {isa = PBXBuildFile; fileRef = 8D321F312A7AF9BA000AF9EF /* NetworkingManagerUserResponseFailureMock.swift */; };
		8D4F57902A69A68000CC43A4 /* PeopleView.swift in Sources */ = {isa = PBXBuildFile; fileRef = 8D4F578F2A69A68000CC43A4 /* PeopleView.swift */; };
		8D4F57922A69AD3C00CC43A4 /* PersonItemView.swift in Sources */ = {isa = PBXBuildFile; fileRef = 8D4F57912A69AD3C00CC43A4 /* PersonItemView.swift */; };
		8D4F57952A69AE3200CC43A4 /* PillView.swift in Sources */ = {isa = PBXBuildFile; fileRef = 8D4F57942A69AE3200CC43A4 /* PillView.swift */; };
		8D4F57972A6AA0EC00CC43A4 /* DetailView.swift in Sources */ = {isa = PBXBuildFile; fileRef = 8D4F57962A6AA0EC00CC43A4 /* DetailView.swift */; };
		8D4F579B2A6AAEDC00CC43A4 /* CreateView.swift in Sources */ = {isa = PBXBuildFile; fileRef = 8D4F579A2A6AAEDC00CC43A4 /* CreateView.swift */; };
		8D4F579E2A6AB3E700CC43A4 /* NetworkingManager.swift in Sources */ = {isa = PBXBuildFile; fileRef = 8D4F579D2A6AB3E700CC43A4 /* NetworkingManager.swift */; };
		8D4F57A02A6B0B8D00CC43A4 /* PeopleViewModel.swift in Sources */ = {isa = PBXBuildFile; fileRef = 8D4F579F2A6B0B8D00CC43A4 /* PeopleViewModel.swift */; };
		8D4F57A22A6B1B8A00CC43A4 /* DetailViewModel.swift in Sources */ = {isa = PBXBuildFile; fileRef = 8D4F57A12A6B1B8A00CC43A4 /* DetailViewModel.swift */; };
		8D9167D82A767EAD00D602D2 /* JSONMapperTests.swift in Sources */ = {isa = PBXBuildFile; fileRef = 8D9167D72A767EAD00D602D2 /* JSONMapperTests.swift */; };
		8D9167DB2A77E1F100D602D2 /* CreateFormValidatorTests.swift in Sources */ = {isa = PBXBuildFile; fileRef = 8D9167DA2A77E1F100D602D2 /* CreateFormValidatorTests.swift */; };
		8DA59AD92A6C6C7200559CEF /* CheckmarkPopoverView.swift in Sources */ = {isa = PBXBuildFile; fileRef = 8DA59AD82A6C6C7200559CEF /* CheckmarkPopoverView.swift */; };
		8DBD826C2A66F9D500744214 /* iOSTakeHomeProjectApp.swift in Sources */ = {isa = PBXBuildFile; fileRef = 8DBD826B2A66F9D500744214 /* iOSTakeHomeProjectApp.swift */; };
		8DBD82702A66F9D600744214 /* Assets.xcassets in Resources */ = {isa = PBXBuildFile; fileRef = 8DBD826F2A66F9D600744214 /* Assets.xcassets */; };
		8DBD82732A66F9D600744214 /* Preview Assets.xcassets in Resources */ = {isa = PBXBuildFile; fileRef = 8DBD82722A66F9D600744214 /* Preview Assets.xcassets */; };
		8DBD827B2A66FAE000744214 /* Symbols.swift in Sources */ = {isa = PBXBuildFile; fileRef = 8DBD827A2A66FAE000744214 /* Symbols.swift */; };
		8DBD827D2A67FB5000744214 /* Theme.swift in Sources */ = {isa = PBXBuildFile; fileRef = 8DBD827C2A67FB5000744214 /* Theme.swift */; };
		8DE3CCEA2A6BFFA7005B0A54 /* NewPerson.swift in Sources */ = {isa = PBXBuildFile; fileRef = 8DE3CCE92A6BFFA7005B0A54 /* NewPerson.swift */; };
		8DE3CCEC2A6C001C005B0A54 /* CreateViewModel.swift in Sources */ = {isa = PBXBuildFile; fileRef = 8DE3CCEB2A6C001C005B0A54 /* CreateViewModel.swift */; };
/* End PBXBuildFile section */

/* Begin PBXContainerItemProxy section */
		8D9167D12A767E7B00D602D2 /* PBXContainerItemProxy */ = {
			isa = PBXContainerItemProxy;
			containerPortal = 8DBD82602A66F9D500744214 /* Project object */;
			proxyType = 1;
			remoteGlobalIDString = 8DBD82672A66F9D500744214;
			remoteInfo = iOSTakeHomeProject;
		};
/* End PBXContainerItemProxy section */

/* Begin PBXFileReference section */
		8D096F682A6DAAA5006A2071 /* CreateValidator.swift */ = {isa = PBXFileReference; lastKnownFileType = sourcecode.swift; path = CreateValidator.swift; sourceTree = "<group>"; };
		8D096F6B2A6DB124006A2071 /* HapticsManager.swift */ = {isa = PBXFileReference; lastKnownFileType = sourcecode.swift; path = HapticsManager.swift; sourceTree = "<group>"; };
		8D096F6D2A6DB2BC006A2071 /* SettingsView.swift */ = {isa = PBXFileReference; lastKnownFileType = sourcecode.swift; path = SettingsView.swift; sourceTree = "<group>"; };
		8D096F702A6DB42B006A2071 /* UserDefaultKeys.swift */ = {isa = PBXFileReference; lastKnownFileType = sourcecode.swift; path = UserDefaultKeys.swift; sourceTree = "<group>"; };
		8D096F722A6DB793006A2071 /* Endpoint.swift */ = {isa = PBXFileReference; lastKnownFileType = sourcecode.swift; path = Endpoint.swift; sourceTree = "<group>"; };
		8D2A52842A7D5EE300386B04 /* NetworkingManagerUserDetailsResponseSuccessMock.swift */ = {isa = PBXFileReference; lastKnownFileType = sourcecode.swift; path = NetworkingManagerUserDetailsResponseSuccessMock.swift; sourceTree = "<group>"; };
		8D2A52862A7D60C200386B04 /* NetworkingManagerUserDetailsResponseFailureMock.swift */ = {isa = PBXFileReference; lastKnownFileType = sourcecode.swift; path = NetworkingManagerUserDetailsResponseFailureMock.swift; sourceTree = "<group>"; };
		8D2A52892A7D612E00386B04 /* DetailsViewModelSuccessTests.swift */ = {isa = PBXFileReference; lastKnownFileType = sourcecode.swift; path = DetailsViewModelSuccessTests.swift; sourceTree = "<group>"; };
		8D2A528B2A7D667200386B04 /* DetailsViewModelFailureTests.swift */ = {isa = PBXFileReference; lastKnownFileType = sourcecode.swift; path = DetailsViewModelFailureTests.swift; sourceTree = "<group>"; };
		8D2C7F1C2A6978600042F512 /* UsersStaticData.json */ = {isa = PBXFileReference; lastKnownFileType = text.json; path = UsersStaticData.json; sourceTree = "<group>"; };
		8D2C7F1E2A6978CE0042F512 /* SingleUserData.json */ = {isa = PBXFileReference; lastKnownFileType = text.json; path = SingleUserData.json; sourceTree = "<group>"; };
		8D2C7F202A697A030042F512 /* UserDetailResponse.swift */ = {isa = PBXFileReference; lastKnownFileType = sourcecode.swift; path = UserDetailResponse.swift; sourceTree = "<group>"; };
		8D2C7F222A697A930042F512 /* UsersResponse.swift */ = {isa = PBXFileReference; lastKnownFileType = sourcecode.swift; path = UsersResponse.swift; sourceTree = "<group>"; };
		8D2C7F252A697B270042F512 /* Models.swift */ = {isa = PBXFileReference; lastKnownFileType = sourcecode.swift; path = Models.swift; sourceTree = "<group>"; };
		8D2C7F282A697B8A0042F512 /* StaticJSONMapper.swift */ = {isa = PBXFileReference; lastKnownFileType = sourcecode.swift; path = StaticJSONMapper.swift; sourceTree = "<group>"; };
		8D2FA8EC2A796A5600D2FD42 /* NetworkingEndpointTests.swift */ = {isa = PBXFileReference; lastKnownFileType = sourcecode.swift; path = NetworkingEndpointTests.swift; sourceTree = "<group>"; };
		8D2FA8EF2A79725800D2FD42 /* MockURLSessionProtocol.swift */ = {isa = PBXFileReference; lastKnownFileType = sourcecode.swift; path = MockURLSessionProtocol.swift; sourceTree = "<group>"; };
		8D2FA8F22A79745800D2FD42 /* NetworkingManagerTests.swift */ = {isa = PBXFileReference; lastKnownFileType = sourcecode.swift; path = NetworkingManagerTests.swift; sourceTree = "<group>"; };
		8D321F2B2A7AF259000AF9EF /* PeopleViewModelSuccessTests.swift */ = {isa = PBXFileReference; lastKnownFileType = sourcecode.swift; path = PeopleViewModelSuccessTests.swift; sourceTree = "<group>"; };
		8D321F2D2A7AF3B3000AF9EF /* NetworkingManagerUserResponseSuccessMock.swift */ = {isa = PBXFileReference; lastKnownFileType = sourcecode.swift; path = NetworkingManagerUserResponseSuccessMock.swift; sourceTree = "<group>"; };
		8D321F2F2A7AF97C000AF9EF /* PeopleViewModelFailureTests.swift */ = {isa = PBXFileReference; lastKnownFileType = sourcecode.swift; path = PeopleViewModelFailureTests.swift; sourceTree = "<group>"; };
		8D321F312A7AF9BA000AF9EF /* NetworkingManagerUserResponseFailureMock.swift */ = {isa = PBXFileReference; lastKnownFileType = sourcecode.swift; path = NetworkingManagerUserResponseFailureMock.swift; sourceTree = "<group>"; };
		8D4F578F2A69A68000CC43A4 /* PeopleView.swift */ = {isa = PBXFileReference; lastKnownFileType = sourcecode.swift; path = PeopleView.swift; sourceTree = "<group>"; };
		8D4F57912A69AD3C00CC43A4 /* PersonItemView.swift */ = {isa = PBXFileReference; lastKnownFileType = sourcecode.swift; path = PersonItemView.swift; sourceTree = "<group>"; };
		8D4F57942A69AE3200CC43A4 /* PillView.swift */ = {isa = PBXFileReference; lastKnownFileType = sourcecode.swift; path = PillView.swift; sourceTree = "<group>"; };
		8D4F57962A6AA0EC00CC43A4 /* DetailView.swift */ = {isa = PBXFileReference; lastKnownFileType = sourcecode.swift; path = DetailView.swift; sourceTree = "<group>"; };
		8D4F579A2A6AAEDC00CC43A4 /* CreateView.swift */ = {isa = PBXFileReference; lastKnownFileType = sourcecode.swift; path = CreateView.swift; sourceTree = "<group>"; };
		8D4F579D2A6AB3E700CC43A4 /* NetworkingManager.swift */ = {isa = PBXFileReference; lastKnownFileType = sourcecode.swift; path = NetworkingManager.swift; sourceTree = "<group>"; };
		8D4F579F2A6B0B8D00CC43A4 /* PeopleViewModel.swift */ = {isa = PBXFileReference; lastKnownFileType = sourcecode.swift; path = PeopleViewModel.swift; sourceTree = "<group>"; };
		8D4F57A12A6B1B8A00CC43A4 /* DetailViewModel.swift */ = {isa = PBXFileReference; lastKnownFileType = sourcecode.swift; path = DetailViewModel.swift; sourceTree = "<group>"; };
		8D9167CD2A767E7B00D602D2 /* iOSTakeHomeProjectTests.xctest */ = {isa = PBXFileReference; explicitFileType = wrapper.cfbundle; includeInIndex = 0; path = iOSTakeHomeProjectTests.xctest; sourceTree = BUILT_PRODUCTS_DIR; };
		8D9167D72A767EAD00D602D2 /* JSONMapperTests.swift */ = {isa = PBXFileReference; lastKnownFileType = sourcecode.swift; path = JSONMapperTests.swift; sourceTree = "<group>"; };
		8D9167DA2A77E1F100D602D2 /* CreateFormValidatorTests.swift */ = {isa = PBXFileReference; lastKnownFileType = sourcecode.swift; path = CreateFormValidatorTests.swift; sourceTree = "<group>"; };
		8DA59AD82A6C6C7200559CEF /* CheckmarkPopoverView.swift */ = {isa = PBXFileReference; lastKnownFileType = sourcecode.swift; path = CheckmarkPopoverView.swift; sourceTree = "<group>"; };
		8DBD82682A66F9D500744214 /* iOSTakeHomeProject.app */ = {isa = PBXFileReference; explicitFileType = wrapper.application; includeInIndex = 0; path = iOSTakeHomeProject.app; sourceTree = BUILT_PRODUCTS_DIR; };
		8DBD826B2A66F9D500744214 /* iOSTakeHomeProjectApp.swift */ = {isa = PBXFileReference; lastKnownFileType = sourcecode.swift; path = iOSTakeHomeProjectApp.swift; sourceTree = "<group>"; };
		8DBD826F2A66F9D600744214 /* Assets.xcassets */ = {isa = PBXFileReference; lastKnownFileType = folder.assetcatalog; path = Assets.xcassets; sourceTree = "<group>"; };
		8DBD82722A66F9D600744214 /* Preview Assets.xcassets */ = {isa = PBXFileReference; lastKnownFileType = folder.assetcatalog; path = "Preview Assets.xcassets"; sourceTree = "<group>"; };
		8DBD827A2A66FAE000744214 /* Symbols.swift */ = {isa = PBXFileReference; lastKnownFileType = sourcecode.swift; path = Symbols.swift; sourceTree = "<group>"; };
		8DBD827C2A67FB5000744214 /* Theme.swift */ = {isa = PBXFileReference; lastKnownFileType = sourcecode.swift; path = Theme.swift; sourceTree = "<group>"; };
		8DBD82902A67FDCB00744214 /* Info.plist */ = {isa = PBXFileReference; lastKnownFileType = text.plist; path = Info.plist; sourceTree = "<group>"; };
		8DE3CCE92A6BFFA7005B0A54 /* NewPerson.swift */ = {isa = PBXFileReference; lastKnownFileType = sourcecode.swift; path = NewPerson.swift; sourceTree = "<group>"; };
		8DE3CCEB2A6C001C005B0A54 /* CreateViewModel.swift */ = {isa = PBXFileReference; lastKnownFileType = sourcecode.swift; path = CreateViewModel.swift; sourceTree = "<group>"; };
/* End PBXFileReference section */

/* Begin PBXFrameworksBuildPhase section */
		8D9167CA2A767E7B00D602D2 /* Frameworks */ = {
			isa = PBXFrameworksBuildPhase;
			buildActionMask = 2147483647;
			files = (
			);
			runOnlyForDeploymentPostprocessing = 0;
		};
		8DBD82652A66F9D500744214 /* Frameworks */ = {
			isa = PBXFrameworksBuildPhase;
			buildActionMask = 2147483647;
			files = (
			);
			runOnlyForDeploymentPostprocessing = 0;
		};
/* End PBXFrameworksBuildPhase section */

/* Begin PBXGroup section */
		8D096F672A6DAA8D006A2071 /* Validator */ = {
			isa = PBXGroup;
			children = (
				8D096F682A6DAAA5006A2071 /* CreateValidator.swift */,
			);
			path = Validator;
			sourceTree = "<group>";
		};
		8D096F6A2A6DB109006A2071 /* Haptics */ = {
			isa = PBXGroup;
			children = (
				8D096F6B2A6DB124006A2071 /* HapticsManager.swift */,
			);
			path = Haptics;
			sourceTree = "<group>";
		};
		8D096F6F2A6DB409006A2071 /* UserDefaults */ = {
			isa = PBXGroup;
			children = (
				8D096F702A6DB42B006A2071 /* UserDefaultKeys.swift */,
			);
			path = UserDefaults;
			sourceTree = "<group>";
		};
		8D2A52822A7D5E7F00386B04 /* UserDetails */ = {
			isa = PBXGroup;
			children = (
				8D2A52842A7D5EE300386B04 /* NetworkingManagerUserDetailsResponseSuccessMock.swift */,
				8D2A52862A7D60C200386B04 /* NetworkingManagerUserDetailsResponseFailureMock.swift */,
			);
			path = UserDetails;
			sourceTree = "<group>";
		};
		8D2A52832A7D5E8800386B04 /* UserResponse */ = {
			isa = PBXGroup;
			children = (
				8D321F2D2A7AF3B3000AF9EF /* NetworkingManagerUserResponseSuccessMock.swift */,
				8D321F312A7AF9BA000AF9EF /* NetworkingManagerUserResponseFailureMock.swift */,
			);
			path = UserResponse;
			sourceTree = "<group>";
		};
		8D2A52882A7D610D00386B04 /* Details */ = {
			isa = PBXGroup;
			children = (
				8D2A52892A7D612E00386B04 /* DetailsViewModelSuccessTests.swift */,
				8D2A528B2A7D667200386B04 /* DetailsViewModelFailureTests.swift */,
			);
			path = Details;
			sourceTree = "<group>";
		};
		8D2C7F1B2A6978170042F512 /* JSON */ = {
			isa = PBXGroup;
			children = (
				8D2C7F1C2A6978600042F512 /* UsersStaticData.json */,
				8D2C7F1E2A6978CE0042F512 /* SingleUserData.json */,
			);
			path = JSON;
			sourceTree = "<group>";
		};
		8D2C7F242A697B1B0042F512 /* Model */ = {
			isa = PBXGroup;
			children = (
				8D2C7F252A697B270042F512 /* Models.swift */,
			);
			path = Model;
			sourceTree = "<group>";
		};
		8D2C7F272A697B670042F512 /* Mapper */ = {
			isa = PBXGroup;
			children = (
				8D2C7F282A697B8A0042F512 /* StaticJSONMapper.swift */,
			);
			path = Mapper;
			sourceTree = "<group>";
		};
		8D2FA8EA2A796A1800D2FD42 /* Networking */ = {
			isa = PBXGroup;
			children = (
				8D2FA8F12A79742D00D2FD42 /* NetworkingManager */,
				8D2FA8EE2A7971FD00D2FD42 /* Mocks */,
				8D2FA8EB2A796A2700D2FD42 /* Endpoint */,
			);
			path = Networking;
			sourceTree = "<group>";
		};
		8D2FA8EB2A796A2700D2FD42 /* Endpoint */ = {
			isa = PBXGroup;
			children = (
				8D2FA8EC2A796A5600D2FD42 /* NetworkingEndpointTests.swift */,
			);
			path = Endpoint;
			sourceTree = "<group>";
		};
		8D2FA8EE2A7971FD00D2FD42 /* Mocks */ = {
			isa = PBXGroup;
			children = (
				8D2FA8EF2A79725800D2FD42 /* MockURLSessionProtocol.swift */,
				8D2A52822A7D5E7F00386B04 /* UserDetails */,
				8D2A52832A7D5E8800386B04 /* UserResponse */,
			);
			path = Mocks;
			sourceTree = "<group>";
		};
		8D2FA8F12A79742D00D2FD42 /* NetworkingManager */ = {
			isa = PBXGroup;
			children = (
				8D2FA8F22A79745800D2FD42 /* NetworkingManagerTests.swift */,
			);
			path = NetworkingManager;
			sourceTree = "<group>";
		};
		8D321F2A2A7AF21D000AF9EF /* People */ = {
			isa = PBXGroup;
			children = (
				8D321F2B2A7AF259000AF9EF /* PeopleViewModelSuccessTests.swift */,
				8D321F2F2A7AF97C000AF9EF /* PeopleViewModelFailureTests.swift */,
			);
			path = People;
			sourceTree = "<group>";
		};
		8D4F57932A69AE1F00CC43A4 /* Views */ = {
			isa = PBXGroup;
			children = (
				8D4F57942A69AE3200CC43A4 /* PillView.swift */,
				8DA59AD82A6C6C7200559CEF /* CheckmarkPopoverView.swift */,
			);
			path = Views;
			sourceTree = "<group>";
		};
		8D4F579C2A6AB3C500CC43A4 /* API */ = {
			isa = PBXGroup;
			children = (
				8D4F579D2A6AB3E700CC43A4 /* NetworkingManager.swift */,
				8D096F722A6DB793006A2071 /* Endpoint.swift */,
			);
			path = API;
			sourceTree = "<group>";
		};
		8D9167CE2A767E7B00D602D2 /* iOSTakeHomeProjectTests */ = {
			isa = PBXGroup;
			children = (
				8D2A52882A7D610D00386B04 /* Details */,
				8D321F2A2A7AF21D000AF9EF /* People */,
				8D2FA8EA2A796A1800D2FD42 /* Networking */,
				8D9167D92A77E1A200D602D2 /* Form */,
				8D9167D62A767E9900D602D2 /* Mapper */,
			);
			path = iOSTakeHomeProjectTests;
			sourceTree = "<group>";
		};
		8D9167D62A767E9900D602D2 /* Mapper */ = {
			isa = PBXGroup;
			children = (
				8D9167D72A767EAD00D602D2 /* JSONMapperTests.swift */,
			);
			path = Mapper;
			sourceTree = "<group>";
		};
		8D9167D92A77E1A200D602D2 /* Form */ = {
			isa = PBXGroup;
			children = (
				8D9167DA2A77E1F100D602D2 /* CreateFormValidatorTests.swift */,
			);
			path = Form;
			sourceTree = "<group>";
		};
		8DBD825F2A66F9D500744214 = {
			isa = PBXGroup;
			children = (
				8DBD826A2A66F9D500744214 /* iOSTakeHomeProject */,
				8D9167CE2A767E7B00D602D2 /* iOSTakeHomeProjectTests */,
				8DBD82692A66F9D500744214 /* Products */,
			);
			sourceTree = "<group>";
		};
		8DBD82692A66F9D500744214 /* Products */ = {
			isa = PBXGroup;
			children = (
				8DBD82682A66F9D500744214 /* iOSTakeHomeProject.app */,
				8D9167CD2A767E7B00D602D2 /* iOSTakeHomeProjectTests.xctest */,
			);
			name = Products;
			sourceTree = "<group>";
		};
		8DBD826A2A66F9D500744214 /* iOSTakeHomeProject */ = {
			isa = PBXGroup;
			children = (
				8DBD82902A67FDCB00744214 /* Info.plist */,
				8DBD827E2A67FC2000744214 /* Features */,
				8DBD82832A67FC4B00744214 /* Base */,
				8DBD82792A66F9EF00744214 /* Resources */,
				8DBD826B2A66F9D500744214 /* iOSTakeHomeProjectApp.swift */,
				8DBD826F2A66F9D600744214 /* Assets.xcassets */,
				8DBD82712A66F9D600744214 /* Preview Content */,
			);
			path = iOSTakeHomeProject;
			sourceTree = "<group>";
		};
		8DBD82712A66F9D600744214 /* Preview Content */ = {
			isa = PBXGroup;
			children = (
				8DBD82722A66F9D600744214 /* Preview Assets.xcassets */,
			);
			path = "Preview Content";
			sourceTree = "<group>";
		};
		8DBD82792A66F9EF00744214 /* Resources */ = {
			isa = PBXGroup;
			children = (
				8D2C7F1B2A6978170042F512 /* JSON */,
				8DBD827A2A66FAE000744214 /* Symbols.swift */,
				8DBD827C2A67FB5000744214 /* Theme.swift */,
			);
			path = Resources;
			sourceTree = "<group>";
		};
		8DBD827E2A67FC2000744214 /* Features */ = {
			isa = PBXGroup;
			children = (
				8DBD82882A67FC9600744214 /* Settings */,
				8DBD82812A67FC3A00744214 /* Detail */,
				8DBD82802A67FC3500744214 /* Create */,
				8DBD827F2A67FC2D00744214 /* People */,
			);
			path = Features;
			sourceTree = "<group>";
		};
		8DBD827F2A67FC2D00744214 /* People */ = {
			isa = PBXGroup;
			children = (
				8DBD828B2A67FCB200744214 /* View Models */,
				8DBD828A2A67FCAC00744214 /* Model */,
				8DBD82892A67FCA600744214 /* Views */,
			);
			path = People;
			sourceTree = "<group>";
		};
		8DBD82802A67FC3500744214 /* Create */ = {
			isa = PBXGroup;
			children = (
				8D096F672A6DAA8D006A2071 /* Validator */,
				8DBD828E2A67FCD700744214 /* View Models */,
				8DBD828D2A67FCCB00744214 /* Model */,
				8DBD828C2A67FCBB00744214 /* Views */,
			);
			path = Create;
			sourceTree = "<group>";
		};
		8DBD82812A67FC3A00744214 /* Detail */ = {
			isa = PBXGroup;
			children = (
				8DBD82862A67FC6400744214 /* View Models */,
				8DBD82872A67FC8B00744214 /* Model */,
				8DBD82852A67FC5A00744214 /* Views */,
			);
			path = Detail;
			sourceTree = "<group>";
		};
		8DBD82832A67FC4B00744214 /* Base */ = {
			isa = PBXGroup;
			children = (
				8D096F6F2A6DB409006A2071 /* UserDefaults */,
				8D096F6A2A6DB109006A2071 /* Haptics */,
				8D4F579C2A6AB3C500CC43A4 /* API */,
				8D4F57932A69AE1F00CC43A4 /* Views */,
				8D2C7F272A697B670042F512 /* Mapper */,
				8D2C7F242A697B1B0042F512 /* Model */,
			);
			path = Base;
			sourceTree = "<group>";
		};
		8DBD82852A67FC5A00744214 /* Views */ = {
			isa = PBXGroup;
			children = (
				8D4F57962A6AA0EC00CC43A4 /* DetailView.swift */,
			);
			path = Views;
			sourceTree = "<group>";
		};
		8DBD82862A67FC6400744214 /* View Models */ = {
			isa = PBXGroup;
			children = (
				8D4F57A12A6B1B8A00CC43A4 /* DetailViewModel.swift */,
			);
			path = "View Models";
			sourceTree = "<group>";
		};
		8DBD82872A67FC8B00744214 /* Model */ = {
			isa = PBXGroup;
			children = (
				8D2C7F202A697A030042F512 /* UserDetailResponse.swift */,
			);
			path = Model;
			sourceTree = "<group>";
		};
		8DBD82882A67FC9600744214 /* Settings */ = {
			isa = PBXGroup;
			children = (
				8DBD828F2A67FCE000744214 /* Views */,
			);
			path = Settings;
			sourceTree = "<group>";
		};
		8DBD82892A67FCA600744214 /* Views */ = {
			isa = PBXGroup;
			children = (
				8D4F578F2A69A68000CC43A4 /* PeopleView.swift */,
				8D4F57912A69AD3C00CC43A4 /* PersonItemView.swift */,
			);
			path = Views;
			sourceTree = "<group>";
		};
		8DBD828A2A67FCAC00744214 /* Model */ = {
			isa = PBXGroup;
			children = (
				8D2C7F222A697A930042F512 /* UsersResponse.swift */,
			);
			path = Model;
			sourceTree = "<group>";
		};
		8DBD828B2A67FCB200744214 /* View Models */ = {
			isa = PBXGroup;
			children = (
				8D4F579F2A6B0B8D00CC43A4 /* PeopleViewModel.swift */,
			);
			path = "View Models";
			sourceTree = "<group>";
		};
		8DBD828C2A67FCBB00744214 /* Views */ = {
			isa = PBXGroup;
			children = (
				8D4F579A2A6AAEDC00CC43A4 /* CreateView.swift */,
			);
			path = Views;
			sourceTree = "<group>";
		};
		8DBD828D2A67FCCB00744214 /* Model */ = {
			isa = PBXGroup;
			children = (
				8DE3CCE92A6BFFA7005B0A54 /* NewPerson.swift */,
			);
			path = Model;
			sourceTree = "<group>";
		};
		8DBD828E2A67FCD700744214 /* View Models */ = {
			isa = PBXGroup;
			children = (
				8DE3CCEB2A6C001C005B0A54 /* CreateViewModel.swift */,
			);
			path = "View Models";
			sourceTree = "<group>";
		};
		8DBD828F2A67FCE000744214 /* Views */ = {
			isa = PBXGroup;
			children = (
				8D096F6D2A6DB2BC006A2071 /* SettingsView.swift */,
			);
			path = Views;
			sourceTree = "<group>";
		};
/* End PBXGroup section */

/* Begin PBXNativeTarget section */
		8D9167CC2A767E7B00D602D2 /* iOSTakeHomeProjectTests */ = {
			isa = PBXNativeTarget;
			buildConfigurationList = 8D9167D52A767E7B00D602D2 /* Build configuration list for PBXNativeTarget "iOSTakeHomeProjectTests" */;
			buildPhases = (
				8D9167C92A767E7B00D602D2 /* Sources */,
				8D9167CA2A767E7B00D602D2 /* Frameworks */,
				8D9167CB2A767E7B00D602D2 /* Resources */,
			);
			buildRules = (
			);
			dependencies = (
				8D9167D22A767E7B00D602D2 /* PBXTargetDependency */,
			);
			name = iOSTakeHomeProjectTests;
			productName = iOSTakeHomeProjectTests;
			productReference = 8D9167CD2A767E7B00D602D2 /* iOSTakeHomeProjectTests.xctest */;
			productType = "com.apple.product-type.bundle.unit-test";
		};
		8DBD82672A66F9D500744214 /* iOSTakeHomeProject */ = {
			isa = PBXNativeTarget;
			buildConfigurationList = 8DBD82762A66F9D600744214 /* Build configuration list for PBXNativeTarget "iOSTakeHomeProject" */;
			buildPhases = (
				8DBD82642A66F9D500744214 /* Sources */,
				8DBD82652A66F9D500744214 /* Frameworks */,
				8DBD82662A66F9D500744214 /* Resources */,
			);
			buildRules = (
			);
			dependencies = (
			);
			name = iOSTakeHomeProject;
			productName = iOSTakeHomeProject;
			productReference = 8DBD82682A66F9D500744214 /* iOSTakeHomeProject.app */;
			productType = "com.apple.product-type.application";
		};
/* End PBXNativeTarget section */

/* Begin PBXProject section */
		8DBD82602A66F9D500744214 /* Project object */ = {
			isa = PBXProject;
			attributes = {
				BuildIndependentTargetsInParallel = 1;
				LastSwiftUpdateCheck = 1430;
				LastUpgradeCheck = 1430;
				TargetAttributes = {
					8D9167CC2A767E7B00D602D2 = {
						CreatedOnToolsVersion = 14.3.1;
						TestTargetID = 8DBD82672A66F9D500744214;
					};
					8DBD82672A66F9D500744214 = {
						CreatedOnToolsVersion = 14.3.1;
					};
				};
			};
			buildConfigurationList = 8DBD82632A66F9D500744214 /* Build configuration list for PBXProject "iOSTakeHomeProject" */;
			compatibilityVersion = "Xcode 14.0";
			developmentRegion = en;
			hasScannedForEncodings = 0;
			knownRegions = (
				en,
				Base,
			);
			mainGroup = 8DBD825F2A66F9D500744214;
			productRefGroup = 8DBD82692A66F9D500744214 /* Products */;
			projectDirPath = "";
			projectRoot = "";
			targets = (
				8DBD82672A66F9D500744214 /* iOSTakeHomeProject */,
				8D9167CC2A767E7B00D602D2 /* iOSTakeHomeProjectTests */,
			);
		};
/* End PBXProject section */

/* Begin PBXResourcesBuildPhase section */
		8D9167CB2A767E7B00D602D2 /* Resources */ = {
			isa = PBXResourcesBuildPhase;
			buildActionMask = 2147483647;
			files = (
			);
			runOnlyForDeploymentPostprocessing = 0;
		};
		8DBD82662A66F9D500744214 /* Resources */ = {
			isa = PBXResourcesBuildPhase;
			buildActionMask = 2147483647;
			files = (
				8DBD82732A66F9D600744214 /* Preview Assets.xcassets in Resources */,
				8D2C7F1D2A6978600042F512 /* UsersStaticData.json in Resources */,
				8D2C7F1F2A6978CE0042F512 /* SingleUserData.json in Resources */,
				8DBD82702A66F9D600744214 /* Assets.xcassets in Resources */,
			);
			runOnlyForDeploymentPostprocessing = 0;
		};
/* End PBXResourcesBuildPhase section */

/* Begin PBXSourcesBuildPhase section */
		8D9167C92A767E7B00D602D2 /* Sources */ = {
			isa = PBXSourcesBuildPhase;
			buildActionMask = 2147483647;
			files = (
				8D321F302A7AF97C000AF9EF /* PeopleViewModelFailureTests.swift in Sources */,
				8D2FA8F32A79745800D2FD42 /* NetworkingManagerTests.swift in Sources */,
				8D2A528C2A7D667200386B04 /* DetailsViewModelFailureTests.swift in Sources */,
				8D2A52852A7D5EE300386B04 /* NetworkingManagerUserDetailsResponseSuccessMock.swift in Sources */,
				8D321F2E2A7AF3B3000AF9EF /* NetworkingManagerUserResponseSuccessMock.swift in Sources */,
				8D9167DB2A77E1F100D602D2 /* CreateFormValidatorTests.swift in Sources */,
				8D321F322A7AF9BA000AF9EF /* NetworkingManagerUserResponseFailureMock.swift in Sources */,
				8D9167D82A767EAD00D602D2 /* JSONMapperTests.swift in Sources */,
				8D2A528A2A7D612E00386B04 /* DetailsViewModelSuccessTests.swift in Sources */,
				8D321F2C2A7AF259000AF9EF /* PeopleViewModelSuccessTests.swift in Sources */,
				8D2A52872A7D60C200386B04 /* NetworkingManagerUserDetailsResponseFailureMock.swift in Sources */,
				8D2FA8F02A79725800D2FD42 /* MockURLSessionProtocol.swift in Sources */,
				8D2FA8ED2A796A5600D2FD42 /* NetworkingEndpointTests.swift in Sources */,
			);
			runOnlyForDeploymentPostprocessing = 0;
		};
		8DBD82642A66F9D500744214 /* Sources */ = {
			isa = PBXSourcesBuildPhase;
			buildActionMask = 2147483647;
			files = (
				8D096F6E2A6DB2BC006A2071 /* SettingsView.swift in Sources */,
				8DA59AD92A6C6C7200559CEF /* CheckmarkPopoverView.swift in Sources */,
				8D2C7F292A697B8A0042F512 /* StaticJSONMapper.swift in Sources */,
				8D4F57952A69AE3200CC43A4 /* PillView.swift in Sources */,
				8DBD827B2A66FAE000744214 /* Symbols.swift in Sources */,
				8DE3CCEC2A6C001C005B0A54 /* CreateViewModel.swift in Sources */,
				8D4F57902A69A68000CC43A4 /* PeopleView.swift in Sources */,
				8DBD827D2A67FB5000744214 /* Theme.swift in Sources */,
				8D4F57972A6AA0EC00CC43A4 /* DetailView.swift in Sources */,
				8D2C7F212A697A030042F512 /* UserDetailResponse.swift in Sources */,
				8DBD826C2A66F9D500744214 /* iOSTakeHomeProjectApp.swift in Sources */,
				8D4F579E2A6AB3E700CC43A4 /* NetworkingManager.swift in Sources */,
				8D2C7F232A697A930042F512 /* UsersResponse.swift in Sources */,
				8D4F57922A69AD3C00CC43A4 /* PersonItemView.swift in Sources */,
				8DE3CCEA2A6BFFA7005B0A54 /* NewPerson.swift in Sources */,
				8D4F57A02A6B0B8D00CC43A4 /* PeopleViewModel.swift in Sources */,
				8D096F712A6DB42B006A2071 /* UserDefaultKeys.swift in Sources */,
				8D096F732A6DB793006A2071 /* Endpoint.swift in Sources */,
				8D4F579B2A6AAEDC00CC43A4 /* CreateView.swift in Sources */,
				8D096F692A6DAAA5006A2071 /* CreateValidator.swift in Sources */,
				8D4F57A22A6B1B8A00CC43A4 /* DetailViewModel.swift in Sources */,
				8D096F6C2A6DB124006A2071 /* HapticsManager.swift in Sources */,
				8D2C7F262A697B270042F512 /* Models.swift in Sources */,
			);
			runOnlyForDeploymentPostprocessing = 0;
		};
/* End PBXSourcesBuildPhase section */

/* Begin PBXTargetDependency section */
		8D9167D22A767E7B00D602D2 /* PBXTargetDependency */ = {
			isa = PBXTargetDependency;
			target = 8DBD82672A66F9D500744214 /* iOSTakeHomeProject */;
			targetProxy = 8D9167D12A767E7B00D602D2 /* PBXContainerItemProxy */;
		};
/* End PBXTargetDependency section */

/* Begin XCBuildConfiguration section */
		8D9167D32A767E7B00D602D2 /* Debug */ = {
			isa = XCBuildConfiguration;
			buildSettings = {
				BUNDLE_LOADER = "$(TEST_HOST)";
				CODE_SIGN_STYLE = Automatic;
				CURRENT_PROJECT_VERSION = 1;
				DEVELOPMENT_TEAM = Z58TCN89AP;
				GENERATE_INFOPLIST_FILE = YES;
				MARKETING_VERSION = 1.0;
				PRODUCT_BUNDLE_IDENTIFIER = mrjeris.iOSTakeHomeProjectTests;
				PRODUCT_NAME = "$(TARGET_NAME)";
				SWIFT_EMIT_LOC_STRINGS = NO;
				SWIFT_VERSION = 5.0;
				TARGETED_DEVICE_FAMILY = "1,2";
				TEST_HOST = "$(BUILT_PRODUCTS_DIR)/iOSTakeHomeProject.app/$(BUNDLE_EXECUTABLE_FOLDER_PATH)/iOSTakeHomeProject";
			};
			name = Debug;
		};
		8D9167D42A767E7B00D602D2 /* Release */ = {
			isa = XCBuildConfiguration;
			buildSettings = {
				BUNDLE_LOADER = "$(TEST_HOST)";
				CODE_SIGN_STYLE = Automatic;
				CURRENT_PROJECT_VERSION = 1;
				DEVELOPMENT_TEAM = Z58TCN89AP;
				GENERATE_INFOPLIST_FILE = YES;
				MARKETING_VERSION = 1.0;
				PRODUCT_BUNDLE_IDENTIFIER = mrjeris.iOSTakeHomeProjectTests;
				PRODUCT_NAME = "$(TARGET_NAME)";
				SWIFT_EMIT_LOC_STRINGS = NO;
				SWIFT_VERSION = 5.0;
				TARGETED_DEVICE_FAMILY = "1,2";
				TEST_HOST = "$(BUILT_PRODUCTS_DIR)/iOSTakeHomeProject.app/$(BUNDLE_EXECUTABLE_FOLDER_PATH)/iOSTakeHomeProject";
			};
			name = Release;
		};
		8DBD82742A66F9D600744214 /* Debug */ = {
			isa = XCBuildConfiguration;
			buildSettings = {
				ALWAYS_SEARCH_USER_PATHS = NO;
				CLANG_ANALYZER_NONNULL = YES;
				CLANG_ANALYZER_NUMBER_OBJECT_CONVERSION = YES_AGGRESSIVE;
				CLANG_CXX_LANGUAGE_STANDARD = "gnu++20";
				CLANG_ENABLE_MODULES = YES;
				CLANG_ENABLE_OBJC_ARC = YES;
				CLANG_ENABLE_OBJC_WEAK = YES;
				CLANG_WARN_BLOCK_CAPTURE_AUTORELEASING = YES;
				CLANG_WARN_BOOL_CONVERSION = YES;
				CLANG_WARN_COMMA = YES;
				CLANG_WARN_CONSTANT_CONVERSION = YES;
				CLANG_WARN_DEPRECATED_OBJC_IMPLEMENTATIONS = YES;
				CLANG_WARN_DIRECT_OBJC_ISA_USAGE = YES_ERROR;
				CLANG_WARN_DOCUMENTATION_COMMENTS = YES;
				CLANG_WARN_EMPTY_BODY = YES;
				CLANG_WARN_ENUM_CONVERSION = YES;
				CLANG_WARN_INFINITE_RECURSION = YES;
				CLANG_WARN_INT_CONVERSION = YES;
				CLANG_WARN_NON_LITERAL_NULL_CONVERSION = YES;
				CLANG_WARN_OBJC_IMPLICIT_RETAIN_SELF = YES;
				CLANG_WARN_OBJC_LITERAL_CONVERSION = YES;
				CLANG_WARN_OBJC_ROOT_CLASS = YES_ERROR;
				CLANG_WARN_QUOTED_INCLUDE_IN_FRAMEWORK_HEADER = YES;
				CLANG_WARN_RANGE_LOOP_ANALYSIS = YES;
				CLANG_WARN_STRICT_PROTOTYPES = YES;
				CLANG_WARN_SUSPICIOUS_MOVE = YES;
				CLANG_WARN_UNGUARDED_AVAILABILITY = YES_AGGRESSIVE;
				CLANG_WARN_UNREACHABLE_CODE = YES;
				CLANG_WARN__DUPLICATE_METHOD_MATCH = YES;
				COPY_PHASE_STRIP = NO;
				DEBUG_INFORMATION_FORMAT = dwarf;
				ENABLE_STRICT_OBJC_MSGSEND = YES;
				ENABLE_TESTABILITY = YES;
				GCC_C_LANGUAGE_STANDARD = gnu11;
				GCC_DYNAMIC_NO_PIC = NO;
				GCC_NO_COMMON_BLOCKS = YES;
				GCC_OPTIMIZATION_LEVEL = 0;
				GCC_PREPROCESSOR_DEFINITIONS = (
					"DEBUG=1",
					"$(inherited)",
				);
				GCC_WARN_64_TO_32_BIT_CONVERSION = YES;
				GCC_WARN_ABOUT_RETURN_TYPE = YES_ERROR;
				GCC_WARN_UNDECLARED_SELECTOR = YES;
				GCC_WARN_UNINITIALIZED_AUTOS = YES_AGGRESSIVE;
				GCC_WARN_UNUSED_FUNCTION = YES;
				GCC_WARN_UNUSED_VARIABLE = YES;
				IPHONEOS_DEPLOYMENT_TARGET = 16.4;
				MTL_ENABLE_DEBUG_INFO = INCLUDE_SOURCE;
				MTL_FAST_MATH = YES;
				ONLY_ACTIVE_ARCH = YES;
				SDKROOT = iphoneos;
				SWIFT_ACTIVE_COMPILATION_CONDITIONS = DEBUG;
				SWIFT_OPTIMIZATION_LEVEL = "-Onone";
			};
			name = Debug;
		};
		8DBD82752A66F9D600744214 /* Release */ = {
			isa = XCBuildConfiguration;
			buildSettings = {
				ALWAYS_SEARCH_USER_PATHS = NO;
				CLANG_ANALYZER_NONNULL = YES;
				CLANG_ANALYZER_NUMBER_OBJECT_CONVERSION = YES_AGGRESSIVE;
				CLANG_CXX_LANGUAGE_STANDARD = "gnu++20";
				CLANG_ENABLE_MODULES = YES;
				CLANG_ENABLE_OBJC_ARC = YES;
				CLANG_ENABLE_OBJC_WEAK = YES;
				CLANG_WARN_BLOCK_CAPTURE_AUTORELEASING = YES;
				CLANG_WARN_BOOL_CONVERSION = YES;
				CLANG_WARN_COMMA = YES;
				CLANG_WARN_CONSTANT_CONVERSION = YES;
				CLANG_WARN_DEPRECATED_OBJC_IMPLEMENTATIONS = YES;
				CLANG_WARN_DIRECT_OBJC_ISA_USAGE = YES_ERROR;
				CLANG_WARN_DOCUMENTATION_COMMENTS = YES;
				CLANG_WARN_EMPTY_BODY = YES;
				CLANG_WARN_ENUM_CONVERSION = YES;
				CLANG_WARN_INFINITE_RECURSION = YES;
				CLANG_WARN_INT_CONVERSION = YES;
				CLANG_WARN_NON_LITERAL_NULL_CONVERSION = YES;
				CLANG_WARN_OBJC_IMPLICIT_RETAIN_SELF = YES;
				CLANG_WARN_OBJC_LITERAL_CONVERSION = YES;
				CLANG_WARN_OBJC_ROOT_CLASS = YES_ERROR;
				CLANG_WARN_QUOTED_INCLUDE_IN_FRAMEWORK_HEADER = YES;
				CLANG_WARN_RANGE_LOOP_ANALYSIS = YES;
				CLANG_WARN_STRICT_PROTOTYPES = YES;
				CLANG_WARN_SUSPICIOUS_MOVE = YES;
				CLANG_WARN_UNGUARDED_AVAILABILITY = YES_AGGRESSIVE;
				CLANG_WARN_UNREACHABLE_CODE = YES;
				CLANG_WARN__DUPLICATE_METHOD_MATCH = YES;
				COPY_PHASE_STRIP = NO;
				DEBUG_INFORMATION_FORMAT = "dwarf-with-dsym";
				ENABLE_NS_ASSERTIONS = NO;
				ENABLE_STRICT_OBJC_MSGSEND = YES;
				GCC_C_LANGUAGE_STANDARD = gnu11;
				GCC_NO_COMMON_BLOCKS = YES;
				GCC_WARN_64_TO_32_BIT_CONVERSION = YES;
				GCC_WARN_ABOUT_RETURN_TYPE = YES_ERROR;
				GCC_WARN_UNDECLARED_SELECTOR = YES;
				GCC_WARN_UNINITIALIZED_AUTOS = YES_AGGRESSIVE;
				GCC_WARN_UNUSED_FUNCTION = YES;
				GCC_WARN_UNUSED_VARIABLE = YES;
				IPHONEOS_DEPLOYMENT_TARGET = 16.4;
				MTL_ENABLE_DEBUG_INFO = NO;
				MTL_FAST_MATH = YES;
				SDKROOT = iphoneos;
				SWIFT_COMPILATION_MODE = wholemodule;
				SWIFT_OPTIMIZATION_LEVEL = "-O";
				VALIDATE_PRODUCT = YES;
			};
			name = Release;
		};
		8DBD82772A66F9D600744214 /* Debug */ = {
			isa = XCBuildConfiguration;
			buildSettings = {
				ASSETCATALOG_COMPILER_APPICON_NAME = AppIcon;
				ASSETCATALOG_COMPILER_GLOBAL_ACCENT_COLOR_NAME = AccentColor;
				CODE_SIGN_STYLE = Automatic;
				CURRENT_PROJECT_VERSION = 1;
				DEVELOPMENT_ASSET_PATHS = "\"iOSTakeHomeProject/Preview Content\"";
				DEVELOPMENT_TEAM = Z58TCN89AP;
				ENABLE_PREVIEWS = YES;
				GENERATE_INFOPLIST_FILE = YES;
				INFOPLIST_FILE = iOSTakeHomeProject/Info.plist;
				INFOPLIST_KEY_UIApplicationSceneManifest_Generation = YES;
				INFOPLIST_KEY_UIApplicationSupportsIndirectInputEvents = YES;
				INFOPLIST_KEY_UISupportedInterfaceOrientations_iPad = "UIInterfaceOrientationPortrait UIInterfaceOrientationPortraitUpsideDown UIInterfaceOrientationLandscapeLeft UIInterfaceOrientationLandscapeRight";
				INFOPLIST_KEY_UISupportedInterfaceOrientations_iPhone = "UIInterfaceOrientationPortrait UIInterfaceOrientationLandscapeLeft UIInterfaceOrientationLandscapeRight";
				LD_RUNPATH_SEARCH_PATHS = (
					"$(inherited)",
					"@executable_path/Frameworks",
				);
				MARKETING_VERSION = 1.0;
				PRODUCT_BUNDLE_IDENTIFIER = mrjeris.iOSTakeHomeProject;
				PRODUCT_NAME = "$(TARGET_NAME)";
				SWIFT_EMIT_LOC_STRINGS = YES;
				SWIFT_VERSION = 5.0;
				TARGETED_DEVICE_FAMILY = "1,2";
			};
			name = Debug;
		};
		8DBD82782A66F9D600744214 /* Release */ = {
			isa = XCBuildConfiguration;
			buildSettings = {
				ASSETCATALOG_COMPILER_APPICON_NAME = AppIcon;
				ASSETCATALOG_COMPILER_GLOBAL_ACCENT_COLOR_NAME = AccentColor;
				CODE_SIGN_STYLE = Automatic;
				CURRENT_PROJECT_VERSION = 1;
				DEVELOPMENT_ASSET_PATHS = "\"iOSTakeHomeProject/Preview Content\"";
				DEVELOPMENT_TEAM = Z58TCN89AP;
				ENABLE_PREVIEWS = YES;
				GENERATE_INFOPLIST_FILE = YES;
				INFOPLIST_FILE = iOSTakeHomeProject/Info.plist;
				INFOPLIST_KEY_UIApplicationSceneManifest_Generation = YES;
				INFOPLIST_KEY_UIApplicationSupportsIndirectInputEvents = YES;
				INFOPLIST_KEY_UISupportedInterfaceOrientations_iPad = "UIInterfaceOrientationPortrait UIInterfaceOrientationPortraitUpsideDown UIInterfaceOrientationLandscapeLeft UIInterfaceOrientationLandscapeRight";
				INFOPLIST_KEY_UISupportedInterfaceOrientations_iPhone = "UIInterfaceOrientationPortrait UIInterfaceOrientationLandscapeLeft UIInterfaceOrientationLandscapeRight";
				LD_RUNPATH_SEARCH_PATHS = (
					"$(inherited)",
					"@executable_path/Frameworks",
				);
				MARKETING_VERSION = 1.0;
				PRODUCT_BUNDLE_IDENTIFIER = mrjeris.iOSTakeHomeProject;
				PRODUCT_NAME = "$(TARGET_NAME)";
				SWIFT_EMIT_LOC_STRINGS = YES;
				SWIFT_VERSION = 5.0;
				TARGETED_DEVICE_FAMILY = "1,2";
			};
			name = Release;
		};
/* End XCBuildConfiguration section */

/* Begin XCConfigurationList section */
		8D9167D52A767E7B00D602D2 /* Build configuration list for PBXNativeTarget "iOSTakeHomeProjectTests" */ = {
			isa = XCConfigurationList;
			buildConfigurations = (
				8D9167D32A767E7B00D602D2 /* Debug */,
				8D9167D42A767E7B00D602D2 /* Release */,
			);
			defaultConfigurationIsVisible = 0;
			defaultConfigurationName = Release;
		};
		8DBD82632A66F9D500744214 /* Build configuration list for PBXProject "iOSTakeHomeProject" */ = {
			isa = XCConfigurationList;
			buildConfigurations = (
				8DBD82742A66F9D600744214 /* Debug */,
				8DBD82752A66F9D600744214 /* Release */,
			);
			defaultConfigurationIsVisible = 0;
			defaultConfigurationName = Release;
		};
		8DBD82762A66F9D600744214 /* Build configuration list for PBXNativeTarget "iOSTakeHomeProject" */ = {
			isa = XCConfigurationList;
			buildConfigurations = (
				8DBD82772A66F9D600744214 /* Debug */,
				8DBD82782A66F9D600744214 /* Release */,
			);
			defaultConfigurationIsVisible = 0;
			defaultConfigurationName = Release;
		};
/* End XCConfigurationList section */
	};
	rootObject = 8DBD82602A66F9D500744214 /* Project object */;
}
